
Microsoft Visual Studio Solution File, Format Version 12.00
# Visual Studio Version 18
VisualStudioVersion = 18.1.11312.151
MinimumVisualStudioVersion = 10.0.40219.1
Project("{FAE04EC0-301F-11D3-BF4B-00C04F79EFBC}") = "LiftLugCalc2", "LiftLugCalc2.csproj", "{EEC4C71C-10F0-43BD-B88F-A1C53EE038C6}"
EndProject
Global
	GlobalSection(SolutionConfigurationPlatforms) = preSolution
		Debug|Any CPU = Debug|Any CPU
		Release|Any CPU = Release|Any CPU
	EndGlobalSection
	GlobalSection(ProjectConfigurationPlatforms) = postSolution
		{EEC4C71C-10F0-43BD-B88F-A1C53EE038C6}.Debug|Any CPU.ActiveCfg = Debug|Any CPU
		{EEC4C71C-10F0-43BD-B88F-A1C53EE038C6}.Debug|Any CPU.Build.0 = Debug|Any CPU
		{EEC4C71C-10F0-43BD-B88F-A1C53EE038C6}.Release|Any CPU.ActiveCfg = Release|Any CPU
		{EEC4C71C-10F0-43BD-B88F-A1C53EE038C6}.Release|Any CPU.Build.0 = Release|Any CPU
	EndGlobalSection
	GlobalSection(SolutionProperties) = preSolution
		HideSolutionNode = FALSE
	EndGlobalSection
	GlobalSection(ExtensibilityGlobals) = postSolution
		SolutionGuid = {3E54C041-CBAE-437B-9618-B9BCD9E8B29C}
	EndGlobalSection
EndGlobal
